// !$*UTF8*$!
{
	archiveVersion = 1;
	classes = {
	};
	objectVersion = 46;
	objects = {

/* Begin PBXBuildFile section */
		935D1D251A9E717E009F67CF /* main.m in Sources */ = {isa = PBXBuildFile; fileRef = 935D1D241A9E717E009F67CF /* main.m */; };
		935D1D281A9E717E009F67CF /* AppDelegate.m in Sources */ = {isa = PBXBuildFile; fileRef = 935D1D271A9E717E009F67CF /* AppDelegate.m */; };
		935D1D2B1A9E717E009F67CF /* ViewController.m in Sources */ = {isa = PBXBuildFile; fileRef = 935D1D2A1A9E717E009F67CF /* ViewController.m */; };
		935D1D2E1A9E717E009F67CF /* Main.storyboard in Resources */ = {isa = PBXBuildFile; fileRef = 935D1D2C1A9E717E009F67CF /* Main.storyboard */; };
		935D1D301A9E717E009F67CF /* Images.xcassets in Resources */ = {isa = PBXBuildFile; fileRef = 935D1D2F1A9E717E009F67CF /* Images.xcassets */; };
		935D1D331A9E717E009F67CF /* LaunchScreen.xib in Resources */ = {isa = PBXBuildFile; fileRef = 935D1D311A9E717E009F67CF /* LaunchScreen.xib */; };
		935D1D3F1A9E717E009F67CF /* ReceipeTests.m in Sources */ = {isa = PBXBuildFile; fileRef = 935D1D3E1A9E717E009F67CF /* ReceipeTests.m */; };
		935D1D4A1A9E722A009F67CF /* ListViewController.m in Sources */ = {isa = PBXBuildFile; fileRef = 935D1D491A9E722A009F67CF /* ListViewController.m */; };
		935D1D511A9E7295009F67CF /* AsyncImageView.m in Sources */ = {isa = PBXBuildFile; fileRef = 935D1D4C1A9E7295009F67CF /* AsyncImageView.m */; };
		935D1D521A9E7295009F67CF /* ImageCache.m in Sources */ = {isa = PBXBuildFile; fileRef = 935D1D4E1A9E7295009F67CF /* ImageCache.m */; };
		935D1D531A9E7295009F67CF /* ImageCacheObject.m in Sources */ = {isa = PBXBuildFile; fileRef = 935D1D501A9E7295009F67CF /* ImageCacheObject.m */; };
/* End PBXBuildFile section */

/* Begin PBXContainerItemProxy section */
		935D1D391A9E717E009F67CF /* PBXContainerItemProxy */ = {
			isa = PBXContainerItemProxy;
			containerPortal = 935D1D171A9E717E009F67CF /* Project object */;
			proxyType = 1;
			remoteGlobalIDString = 935D1D1E1A9E717E009F67CF;
			remoteInfo = Receipe;
		};
/* End PBXContainerItemProxy section */

/* Begin PBXFileReference section */
		935D1D1F1A9E717E009F67CF /* Receipe.app */ = {isa = PBXFileReference; explicitFileType = wrapper.application; includeInIndex = 0; path = Receipe.app; sourceTree = BUILT_PRODUCTS_DIR; };
		935D1D231A9E717E009F67CF /* Info.plist */ = {isa = PBXFileReference; lastKnownFileType = text.plist.xml; path = Info.plist; sourceTree = "<group>"; };
		935D1D241A9E717E009F67CF /* main.m */ = {isa = PBXFileReference; lastKnownFileType = sourcecode.c.objc; path = main.m; sourceTree = "<group>"; };
		935D1D261A9E717E009F67CF /* AppDelegate.h */ = {isa = PBXFileReference; lastKnownFileType = sourcecode.c.h; path = AppDelegate.h; sourceTree = "<group>"; };
		935D1D271A9E717E009F67CF /* AppDelegate.m */ = {isa = PBXFileReference; lastKnownFileType = sourcecode.c.objc; path = AppDelegate.m; sourceTree = "<group>"; };
		935D1D291A9E717E009F67CF /* ViewController.h */ = {isa = PBXFileReference; lastKnownFileType = sourcecode.c.h; path = ViewController.h; sourceTree = "<group>"; };
		935D1D2A1A9E717E009F67CF /* ViewController.m */ = {isa = PBXFileReference; lastKnownFileType = sourcecode.c.objc; path = ViewController.m; sourceTree = "<group>"; };
		935D1D2D1A9E717E009F67CF /* Base */ = {isa = PBXFileReference; lastKnownFileType = file.storyboard; name = Base; path = Base.lproj/Main.storyboard; sourceTree = "<group>"; };
		935D1D2F1A9E717E009F67CF /* Images.xcassets */ = {isa = PBXFileReference; lastKnownFileType = folder.assetcatalog; path = Images.xcassets; sourceTree = "<group>"; };
		935D1D321A9E717E009F67CF /* Base */ = {isa = PBXFileReference; lastKnownFileType = file.xib; name = Base; path = Base.lproj/LaunchScreen.xib; sourceTree = "<group>"; };
		935D1D381A9E717E009F67CF /* ReceipeTests.xctest */ = {isa = PBXFileReference; explicitFileType = wrapper.cfbundle; includeInIndex = 0; path = ReceipeTests.xctest; sourceTree = BUILT_PRODUCTS_DIR; };
		935D1D3D1A9E717E009F67CF /* Info.plist */ = {isa = PBXFileReference; lastKnownFileType = text.plist.xml; path = Info.plist; sourceTree = "<group>"; };
		935D1D3E1A9E717E009F67CF /* ReceipeTests.m */ = {isa = PBXFileReference; lastKnownFileType = sourcecode.c.objc; path = ReceipeTests.m; sourceTree = "<group>"; };
		935D1D481A9E722A009F67CF /* ListViewController.h */ = {isa = PBXFileReference; fileEncoding = 4; lastKnownFileType = sourcecode.c.h; path = ListViewController.h; sourceTree = "<group>"; };
		935D1D491A9E722A009F67CF /* ListViewController.m */ = {isa = PBXFileReference; fileEncoding = 4; lastKnownFileType = sourcecode.c.objc; path = ListViewController.m; sourceTree = "<group>"; };
		935D1D4B1A9E7295009F67CF /* AsyncImageView.h */ = {isa = PBXFileReference; fileEncoding = 4; lastKnownFileType = sourcecode.c.h; path = AsyncImageView.h; sourceTree = "<group>"; };
		935D1D4C1A9E7295009F67CF /* AsyncImageView.m */ = {isa = PBXFileReference; fileEncoding = 4; lastKnownFileType = sourcecode.c.objc; path = AsyncImageView.m; sourceTree = "<group>"; };
		935D1D4D1A9E7295009F67CF /* ImageCache.h */ = {isa = PBXFileReference; fileEncoding = 4; lastKnownFileType = sourcecode.c.h; path = ImageCache.h; sourceTree = "<group>"; };
		935D1D4E1A9E7295009F67CF /* ImageCache.m */ = {isa = PBXFileReference; fileEncoding = 4; lastKnownFileType = sourcecode.c.objc; path = ImageCache.m; sourceTree = "<group>"; };
		935D1D4F1A9E7295009F67CF /* ImageCacheObject.h */ = {isa = PBXFileReference; fileEncoding = 4; lastKnownFileType = sourcecode.c.h; path = ImageCacheObject.h; sourceTree = "<group>"; };
		935D1D501A9E7295009F67CF /* ImageCacheObject.m */ = {isa = PBXFileReference; fileEncoding = 4; lastKnownFileType = sourcecode.c.objc; path = ImageCacheObject.m; sourceTree = "<group>"; };
/* End PBXFileReference section */

/* Begin PBXFrameworksBuildPhase section */
		935D1D1C1A9E717E009F67CF /* Frameworks */ = {
			isa = PBXFrameworksBuildPhase;
			buildActionMask = 2147483647;
			files = (
			);
			runOnlyForDeploymentPostprocessing = 0;
		};
		935D1D351A9E717E009F67CF /* Frameworks */ = {
			isa = PBXFrameworksBuildPhase;
			buildActionMask = 2147483647;
			files = (
			);
			runOnlyForDeploymentPostprocessing = 0;
		};
/* End PBXFrameworksBuildPhase section */

/* Begin PBXGroup section */
		935D1D161A9E717E009F67CF = {
			isa = PBXGroup;
			children = (
				935D1D211A9E717E009F67CF /* Receipe */,
				935D1D3B1A9E717E009F67CF /* ReceipeTests */,
				935D1D201A9E717E009F67CF /* Products */,
			);
			sourceTree = "<group>";
		};
		935D1D201A9E717E009F67CF /* Products */ = {
			isa = PBXGroup;
			children = (
				935D1D1F1A9E717E009F67CF /* Receipe.app */,
				935D1D381A9E717E009F67CF /* ReceipeTests.xctest */,
			);
			name = Products;
			sourceTree = "<group>";
		};
		935D1D211A9E717E009F67CF /* Receipe */ = {
			isa = PBXGroup;
			children = (
				935D1D261A9E717E009F67CF /* AppDelegate.h */,
				935D1D271A9E717E009F67CF /* AppDelegate.m */,
				935D1D2C1A9E717E009F67CF /* Main.storyboard */,
				935D1D291A9E717E009F67CF /* ViewController.h */,
				935D1D2A1A9E717E009F67CF /* ViewController.m */,
				935D1D481A9E722A009F67CF /* ListViewController.h */,
				935D1D491A9E722A009F67CF /* ListViewController.m */,
				964DF4581A9F72260057895D /* fetchimage */,
				935D1D2F1A9E717E009F67CF /* Images.xcassets */,
				935D1D311A9E717E009F67CF /* LaunchScreen.xib */,
				935D1D221A9E717E009F67CF /* Supporting Files */,
			);
			path = Receipe;
			sourceTree = "<group>";
		};
		935D1D221A9E717E009F67CF /* Supporting Files */ = {
			isa = PBXGroup;
			children = (
				935D1D231A9E717E009F67CF /* Info.plist */,
				935D1D241A9E717E009F67CF /* main.m */,
			);
			name = "Supporting Files";
			sourceTree = "<group>";
		};
		935D1D3B1A9E717E009F67CF /* ReceipeTests */ = {
			isa = PBXGroup;
			children = (
				935D1D3E1A9E717E009F67CF /* ReceipeTests.m */,
				935D1D3C1A9E717E009F67CF /* Supporting Files */,
			);
			path = ReceipeTests;
			sourceTree = "<group>";
		};
		935D1D3C1A9E717E009F67CF /* Supporting Files */ = {
			isa = PBXGroup;
			children = (
				935D1D3D1A9E717E009F67CF /* Info.plist */,
			);
			name = "Supporting Files";
			sourceTree = "<group>";
		};
		964DF4581A9F72260057895D /* fetchimage */ = {
			isa = PBXGroup;
			children = (
				935D1D4B1A9E7295009F67CF /* AsyncImageView.h */,
				935D1D4C1A9E7295009F67CF /* AsyncImageView.m */,
				935D1D4D1A9E7295009F67CF /* ImageCache.h */,
				935D1D4E1A9E7295009F67CF /* ImageCache.m */,
				935D1D4F1A9E7295009F67CF /* ImageCacheObject.h */,
				935D1D501A9E7295009F67CF /* ImageCacheObject.m */,
			);
			name = fetchimage;
			sourceTree = "<group>";
		};
/* End PBXGroup section */

/* Begin PBXNativeTarget section */
		935D1D1E1A9E717E009F67CF /* Receipe */ = {
			isa = PBXNativeTarget;
			buildConfigurationList = 935D1D421A9E717E009F67CF /* Build configuration list for PBXNativeTarget "Receipe" */;
			buildPhases = (
				935D1D1B1A9E717E009F67CF /* Sources */,
				935D1D1C1A9E717E009F67CF /* Frameworks */,
				935D1D1D1A9E717E009F67CF /* Resources */,
			);
			buildRules = (
			);
			dependencies = (
			);
			name = Receipe;
			productName = Receipe;
			productReference = 935D1D1F1A9E717E009F67CF /* Receipe.app */;
			productType = "com.apple.product-type.application";
		};
		935D1D371A9E717E009F67CF /* ReceipeTests */ = {
			isa = PBXNativeTarget;
			buildConfigurationList = 935D1D451A9E717E009F67CF /* Build configuration list for PBXNativeTarget "ReceipeTests" */;
			buildPhases = (
				935D1D341A9E717E009F67CF /* Sources */,
				935D1D351A9E717E009F67CF /* Frameworks */,
				935D1D361A9E717E009F67CF /* Resources */,
			);
			buildRules = (
			);
			dependencies = (
				935D1D3A1A9E717E009F67CF /* PBXTargetDependency */,
			);
			name = ReceipeTests;
			productName = ReceipeTests;
			productReference = 935D1D381A9E717E009F67CF /* ReceipeTests.xctest */;
			productType = "com.apple.product-type.bundle.unit-test";
		};
/* End PBXNativeTarget section */

/* Begin PBXProject section */
		935D1D171A9E717E009F67CF /* Project object */ = {
			isa = PBXProject;
			attributes = {
				LastUpgradeCheck = 0600;
				ORGANIZATIONNAME = Synchronoss;
				TargetAttributes = {
					935D1D1E1A9E717E009F67CF = {
						CreatedOnToolsVersion = 6.0;
					};
					935D1D371A9E717E009F67CF = {
						CreatedOnToolsVersion = 6.0;
						TestTargetID = 935D1D1E1A9E717E009F67CF;
					};
				};
			};
			buildConfigurationList = 935D1D1A1A9E717E009F67CF /* Build configuration list for PBXProject "Receipe" */;
			compatibilityVersion = "Xcode 3.2";
			developmentRegion = English;
			hasScannedForEncodings = 0;
			knownRegions = (
				en,
				Base,
			);
			mainGroup = 935D1D161A9E717E009F67CF;
			productRefGroup = 935D1D201A9E717E009F67CF /* Products */;
			projectDirPath = "";
			projectRoot = "";
			targets = (
				935D1D1E1A9E717E009F67CF /* Receipe */,
				935D1D371A9E717E009F67CF /* ReceipeTests */,
			);
		};
/* End PBXProject section */

/* Begin PBXResourcesBuildPhase section */
		935D1D1D1A9E717E009F67CF /* Resources */ = {
			isa = PBXResourcesBuildPhase;
			buildActionMask = 2147483647;
			files = (
				935D1D2E1A9E717E009F67CF /* Main.storyboard in Resources */,
				935D1D331A9E717E009F67CF /* LaunchScreen.xib in Resources */,
				935D1D301A9E717E009F67CF /* Images.xcassets in Resources */,
			);
			runOnlyForDeploymentPostprocessing = 0;
		};
		935D1D361A9E717E009F67CF /* Resources */ = {
			isa = PBXResourcesBuildPhase;
			buildActionMask = 2147483647;
			files = (
			);
			runOnlyForDeploymentPostprocessing = 0;
		};
/* End PBXResourcesBuildPhase section */

/* Begin PBXSourcesBuildPhase section */
		935D1D1B1A9E717E009F67CF /* Sources */ = {
			isa = PBXSourcesBuildPhase;
			buildActionMask = 2147483647;
			files = (
				935D1D2B1A9E717E009F67CF /* ViewController.m in Sources */,
				935D1D531A9E7295009F67CF /* ImageCacheObject.m in Sources */,
				935D1D511A9E7295009F67CF /* AsyncImageView.m in Sources */,
				935D1D281A9E717E009F67CF /* AppDelegate.m in Sources */,
				935D1D4A1A9E722A009F67CF /* ListViewController.m in Sources */,
				935D1D521A9E7295009F67CF /* ImageCache.m in Sources */,
				935D1D251A9E717E009F67CF /* main.m in Sources */,
			);
			runOnlyForDeploymentPostprocessing = 0;
		};
		935D1D341A9E717E009F67CF /* Sources */ = {
			isa = PBXSourcesBuildPhase;
			buildActionMask = 2147483647;
			files = (
				935D1D3F1A9E717E009F67CF /* ReceipeTests.m in Sources */,
			);
			runOnlyForDeploymentPostprocessing = 0;
		};
/* End PBXSourcesBuildPhase section */

/* Begin PBXTargetDependency section */
		935D1D3A1A9E717E009F67CF /* PBXTargetDependency */ = {
			isa = PBXTargetDependency;
			target = 935D1D1E1A9E717E009F67CF /* Receipe */;
			targetProxy = 935D1D391A9E717E009F67CF /* PBXContainerItemProxy */;
		};
/* End PBXTargetDependency section */

/* Begin PBXVariantGroup section */
		935D1D2C1A9E717E009F67CF /* Main.storyboard */ = {
			isa = PBXVariantGroup;
			children = (
				935D1D2D1A9E717E009F67CF /* Base */,
			);
			name = Main.storyboard;
			sourceTree = "<group>";
		};
		935D1D311A9E717E009F67CF /* LaunchScreen.xib */ = {
			isa = PBXVariantGroup;
			children = (
				935D1D321A9E717E009F67CF /* Base */,
			);
			name = LaunchScreen.xib;
			sourceTree = "<group>";
		};
/* End PBXVariantGroup section */

/* Begin XCBuildConfiguration section */
		935D1D401A9E717E009F67CF /* Debug */ = {
			isa = XCBuildConfiguration;
			buildSettings = {
				ALWAYS_SEARCH_USER_PATHS = NO;
				CLANG_CXX_LANGUAGE_STANDARD = "gnu++0x";
				CLANG_CXX_LIBRARY = "libc++";
				CLANG_ENABLE_MODULES = YES;
				CLANG_ENABLE_OBJC_ARC = YES;
				CLANG_WARN_BOOL_CONVERSION = YES;
				CLANG_WARN_CONSTANT_CONVERSION = YES;
				CLANG_WARN_DIRECT_OBJC_ISA_USAGE = YES_ERROR;
				CLANG_WARN_EMPTY_BODY = YES;
				CLANG_WARN_ENUM_CONVERSION = YES;
				CLANG_WARN_INT_CONVERSION = YES;
				CLANG_WARN_OBJC_ROOT_CLASS = YES_ERROR;
				CLANG_WARN_UNREACHABLE_CODE = YES;
				CLANG_WARN__DUPLICATE_METHOD_MATCH = YES;
				"CODE_SIGN_IDENTITY[sdk=iphoneos*]" = "iPhone Developer";
				COPY_PHASE_STRIP = NO;
				ENABLE_STRICT_OBJC_MSGSEND = YES;
				GCC_C_LANGUAGE_STANDARD = gnu99;
				GCC_DYNAMIC_NO_PIC = NO;
				GCC_OPTIMIZATION_LEVEL = 0;
				GCC_PREPROCESSOR_DEFINITIONS = (
					"DEBUG=1",
					"$(inherited)",
				);
				GCC_SYMBOLS_PRIVATE_EXTERN = NO;
				GCC_WARN_64_TO_32_BIT_CONVERSION = YES;
				GCC_WARN_ABOUT_RETURN_TYPE = YES_ERROR;
				GCC_WARN_UNDECLARED_SELECTOR = YES;
				GCC_WARN_UNINITIALIZED_AUTOS = YES_AGGRESSIVE;
				GCC_WARN_UNUSED_FUNCTION = YES;
				GCC_WARN_UNUSED_VARIABLE = YES;
				IPHONEOS_DEPLOYMENT_TARGET = 8.0;
				MTL_ENABLE_DEBUG_INFO = YES;
				ONLY_ACTIVE_ARCH = YES;
				SDKROOT = iphoneos;
				TARGETED_DEVICE_FAMILY = "1,2";
			};
			name = Debug;
		};
		935D1D411A9E717E009F67CF /* Release */ = {
			isa = XCBuildConfiguration;
			buildSettings = {
				ALWAYS_SEARCH_USER_PATHS = NO;
				CLANG_CXX_LANGUAGE_STANDARD = "gnu++0x";
				CLANG_CXX_LIBRARY = "libc++";
				CLANG_ENABLE_MODULES = YES;
				CLANG_ENABLE_OBJC_ARC = YES;
				CLANG_WARN_BOOL_CONVERSION = YES;
				CLANG_WARN_CONSTANT_CONVERSION = YES;
				CLANG_WARN_DIRECT_OBJC_ISA_USAGE = YES_ERROR;
				CLANG_WARN_EMPTY_BODY = YES;
				CLANG_WARN_ENUM_CONVERSION = YES;
				CLANG_WARN_INT_CONVERSION = YES;
				CLANG_WARN_OBJC_ROOT_CLASS = YES_ERROR;
				CLANG_WARN_UNREACHABLE_CODE = YES;
				CLANG_WARN__DUPLICATE_METHOD_MATCH = YES;
				"CODE_SIGN_IDENTITY[sdk=iphoneos*]" = "iPhone Developer";
				COPY_PHASE_STRIP = YES;
				ENABLE_NS_ASSERTIONS = NO;
				ENABLE_STRICT_OBJC_MSGSEND = YES;
				GCC_C_LANGUAGE_STANDARD = gnu99;
				GCC_WARN_64_TO_32_BIT_CONVERSION = YES;
				GCC_WARN_ABOUT_RETURN_TYPE = YES_ERROR;
				GCC_WARN_UNDECLARED_SELECTOR = YES;
				GCC_WARN_UNINITIALIZED_AUTOS = YES_AGGRESSIVE;
				GCC_WARN_UNUSED_FUNCTION = YES;
				GCC_WARN_UNUSED_VARIABLE = YES;
				IPHONEOS_DEPLOYMENT_TARGET = 8.0;
				MTL_ENABLE_DEBUG_INFO = NO;
				SDKROOT = iphoneos;
				TARGETED_DEVICE_FAMILY = "1,2";
				VALIDATE_PRODUCT = YES;
			};
			name = Release;
		};
		935D1D431A9E717E009F67CF /* Debug */ = {
			isa = XCBuildConfiguration;
			buildSettings = {
				ASSETCATALOG_COMPILER_APPICON_NAME = AppIcon;
				INFOPLIST_FILE = Receipe/Info.plist;
				IPHONEOS_DEPLOYMENT_TARGET = 5.1.1;
				LD_RUNPATH_SEARCH_PATHS = "$(inherited) @executable_path/Frameworks";
				PRODUCT_NAME = "$(TARGET_NAME)";
			};
			name = Debug;
		};
		935D1D441A9E717E009F67CF /* Release */ = {
			isa = XCBuildConfiguration;
			buildSettings = {
				ASSETCATALOG_COMPILER_APPICON_NAME = AppIcon;
				INFOPLIST_FILE = Receipe/Info.plist;
				IPHONEOS_DEPLOYMENT_TARGET = 5.1.1;
				LD_RUNPATH_SEARCH_PATHS = "$(inherited) @executable_path/Frameworks";
				PRODUCT_NAME = "$(TARGET_NAME)";
			};
			name = Release;
		};
		935D1D461A9E717E009F67CF /* Debug */ = {
			isa = XCBuildConfiguration;
			buildSettings = {
				BUNDLE_LOADER = "$(TEST_HOST)";
				FRAMEWORK_SEARCH_PATHS = (
					"$(SDKROOT)/Developer/Library/Frameworks",
					"$(inherited)",
				);
				GCC_PREPROCESSOR_DEFINITIONS = (
					"DEBUG=1",
					"$(inherited)",
				);
				INFOPLIST_FILE = ReceipeTests/Info.plist;
				LD_RUNPATH_SEARCH_PATHS = "$(inherited) @executable_path/Frameworks @loader_path/Frameworks";
				PRODUCT_NAME = "$(TARGET_NAME)";
				TEST_HOST = "$(BUILT_PRODUCTS_DIR)/Receipe.app/Receipe";
			};
			name = Debug;
		};
		935D1D471A9E717E009F67CF /* Release */ = {
			isa = XCBuildConfiguration;
			buildSettings = {
				BUNDLE_LOADER = "$(TEST_HOST)";
				FRAMEWORK_SEARCH_PATHS = (
					"$(SDKROOT)/Developer/Library/Frameworks",
					"$(inherited)",
				);
				INFOPLIST_FILE = ReceipeTests/Info.plist;
				LD_RUNPATH_SEARCH_PATHS = "$(inherited) @executable_path/Frameworks @loader_path/Frameworks";
				PRODUCT_NAME = "$(TARGET_NAME)";
				TEST_HOST = "$(BUILT_PRODUCTS_DIR)/Receipe.app/Receipe";
			};
			name = Release;
		};
/* End XCBuildConfiguration section */

/* Begin XCConfigurationList section */
		935D1D1A1A9E717E009F67CF /* Build configuration list for PBXProject "Receipe" */ = {
			isa = XCConfigurationList;
			buildConfigurations = (
				935D1D401A9E717E009F67CF /* Debug */,
				935D1D411A9E717E009F67CF /* Release */,
			);
			defaultConfigurationIsVisible = 0;
			defaultConfigurationName = Release;
		};
		935D1D421A9E717E009F67CF /* Build configuration list for PBXNativeTarget "Receipe" */ = {
			isa = XCConfigurationList;
			buildConfigurations = (
				935D1D431A9E717E009F67CF /* Debug */,
				935D1D441A9E717E009F67CF /* Release */,
			);
			defaultConfigurationIsVisible = 0;
			defaultConfigurationName = Release;
		};
		935D1D451A9E717E009F67CF /* Build configuration list for PBXNativeTarget "ReceipeTests" */ = {
			isa = XCConfigurationList;
			buildConfigurations = (
				935D1D461A9E717E009F67CF /* Debug */,
				935D1D471A9E717E009F67CF /* Release */,
			);
			defaultConfigurationIsVisible = 0;
			defaultConfigurationName = Release;
		};
/* End XCConfigurationList section */
	};
	rootObject = 935D1D171A9E717E009F67CF /* Project object */;
}
